// !$*UTF8*$!
{
	archiveVersion = 1;
	classes = {
	};
	objectVersion = 55;
	objects = {

/* Begin PBXBuildFile section */
		701744AC286BA4A0003980BC /* AppDelegate.swift in Sources */ = {isa = PBXBuildFile; fileRef = 701744AB286BA4A0003980BC /* AppDelegate.swift */; };
		701744AE286BA4A0003980BC /* SceneDelegate.swift in Sources */ = {isa = PBXBuildFile; fileRef = 701744AD286BA4A0003980BC /* SceneDelegate.swift */; };
		701744B0286BA4A0003980BC /* ViewController.swift in Sources */ = {isa = PBXBuildFile; fileRef = 701744AF286BA4A0003980BC /* ViewController.swift */; };
		701744B3286BA4A0003980BC /* Main.storyboard in Resources */ = {isa = PBXBuildFile; fileRef = 701744B1286BA4A0003980BC /* Main.storyboard */; };
		701744B5286BA4A1003980BC /* Assets.xcassets in Resources */ = {isa = PBXBuildFile; fileRef = 701744B4286BA4A1003980BC /* Assets.xcassets */; };
		701744B8286BA4A1003980BC /* LaunchScreen.storyboard in Resources */ = {isa = PBXBuildFile; fileRef = 701744B6286BA4A1003980BC /* LaunchScreen.storyboard */; };
		701744C0286BAB9F003980BC /* WelcomeViewController.swift in Sources */ = {isa = PBXBuildFile; fileRef = 701744BF286BAB9F003980BC /* WelcomeViewController.swift */; };
		701744C2286BABAE003980BC /* RegisterViewController.swift in Sources */ = {isa = PBXBuildFile; fileRef = 701744C1286BABAE003980BC /* RegisterViewController.swift */; };
		701744C4286BABBB003980BC /* LoginViewController.swift in Sources */ = {isa = PBXBuildFile; fileRef = 701744C3286BABBB003980BC /* LoginViewController.swift */; };
		701744C6286BABCB003980BC /* ChatViewController.swift in Sources */ = {isa = PBXBuildFile; fileRef = 701744C5286BABCB003980BC /* ChatViewController.swift */; };
		8E05C361AF51FB120E1F06CF /* Pods_chatApp.framework in Frameworks */ = {isa = PBXBuildFile; fileRef = D6AD9FBF89B15236BC41F053 /* Pods_chatApp.framework */; };
/* End PBXBuildFile section */

/* Begin PBXFileReference section */
		701744A8286BA4A0003980BC /* chatApp.app */ = {isa = PBXFileReference; explicitFileType = wrapper.application; includeInIndex = 0; path = chatApp.app; sourceTree = BUILT_PRODUCTS_DIR; };
		701744AB286BA4A0003980BC /* AppDelegate.swift */ = {isa = PBXFileReference; lastKnownFileType = sourcecode.swift; path = AppDelegate.swift; sourceTree = "<group>"; };
		701744AD286BA4A0003980BC /* SceneDelegate.swift */ = {isa = PBXFileReference; lastKnownFileType = sourcecode.swift; path = SceneDelegate.swift; sourceTree = "<group>"; };
		701744AF286BA4A0003980BC /* ViewController.swift */ = {isa = PBXFileReference; lastKnownFileType = sourcecode.swift; path = ViewController.swift; sourceTree = "<group>"; };
		701744B2286BA4A0003980BC /* Base */ = {isa = PBXFileReference; lastKnownFileType = file.storyboard; name = Base; path = Base.lproj/Main.storyboard; sourceTree = "<group>"; };
		701744B4286BA4A1003980BC /* Assets.xcassets */ = {isa = PBXFileReference; lastKnownFileType = folder.assetcatalog; path = Assets.xcassets; sourceTree = "<group>"; };
		701744B7286BA4A1003980BC /* Base */ = {isa = PBXFileReference; lastKnownFileType = file.storyboard; name = Base; path = Base.lproj/LaunchScreen.storyboard; sourceTree = "<group>"; };
		701744B9286BA4A1003980BC /* Info.plist */ = {isa = PBXFileReference; lastKnownFileType = text.plist.xml; path = Info.plist; sourceTree = "<group>"; };
		701744BF286BAB9F003980BC /* WelcomeViewController.swift */ = {isa = PBXFileReference; lastKnownFileType = sourcecode.swift; path = WelcomeViewController.swift; sourceTree = "<group>"; };
		701744C1286BABAE003980BC /* RegisterViewController.swift */ = {isa = PBXFileReference; lastKnownFileType = sourcecode.swift; path = RegisterViewController.swift; sourceTree = "<group>"; };
		701744C3286BABBB003980BC /* LoginViewController.swift */ = {isa = PBXFileReference; lastKnownFileType = sourcecode.swift; path = LoginViewController.swift; sourceTree = "<group>"; };
		701744C5286BABCB003980BC /* ChatViewController.swift */ = {isa = PBXFileReference; lastKnownFileType = sourcecode.swift; path = ChatViewController.swift; sourceTree = "<group>"; };
		BD49F4E691D9975472C0030A /* Pods-chatApp.release.xcconfig */ = {isa = PBXFileReference; includeInIndex = 1; lastKnownFileType = text.xcconfig; name = "Pods-chatApp.release.xcconfig"; path = "Target Support Files/Pods-chatApp/Pods-chatApp.release.xcconfig"; sourceTree = "<group>"; };
		D6AD9FBF89B15236BC41F053 /* Pods_chatApp.framework */ = {isa = PBXFileReference; explicitFileType = wrapper.framework; includeInIndex = 0; path = Pods_chatApp.framework; sourceTree = BUILT_PRODUCTS_DIR; };
		F78386F9019F5EDC3029EAC8 /* Pods-chatApp.debug.xcconfig */ = {isa = PBXFileReference; includeInIndex = 1; lastKnownFileType = text.xcconfig; name = "Pods-chatApp.debug.xcconfig"; path = "Target Support Files/Pods-chatApp/Pods-chatApp.debug.xcconfig"; sourceTree = "<group>"; };
/* End PBXFileReference section */

/* Begin PBXFrameworksBuildPhase section */
		701744A5286BA4A0003980BC /* Frameworks */ = {
			isa = PBXFrameworksBuildPhase;
			buildActionMask = 2147483647;
			files = (
				8E05C361AF51FB120E1F06CF /* Pods_chatApp.framework in Frameworks */,
			);
			runOnlyForDeploymentPostprocessing = 0;
		};
/* End PBXFrameworksBuildPhase section */

/* Begin PBXGroup section */
		3CC727D6996EAFF6D409F8A9 /* Frameworks */ = {
			isa = PBXGroup;
			children = (
				D6AD9FBF89B15236BC41F053 /* Pods_chatApp.framework */,
			);
			name = Frameworks;
			sourceTree = "<group>";
		};
		7017449F286BA4A0003980BC = {
			isa = PBXGroup;
			children = (
				701744AA286BA4A0003980BC /* chatApp */,
				701744A9286BA4A0003980BC /* Products */,
				A5057538232E6FFC288A006E /* Pods */,
				3CC727D6996EAFF6D409F8A9 /* Frameworks */,
			);
			sourceTree = "<group>";
		};
		701744A9286BA4A0003980BC /* Products */ = {
			isa = PBXGroup;
			children = (
				701744A8286BA4A0003980BC /* chatApp.app */,
			);
			name = Products;
			sourceTree = "<group>";
		};
		701744AA286BA4A0003980BC /* chatApp */ = {
			isa = PBXGroup;
			children = (
				701744AB286BA4A0003980BC /* AppDelegate.swift */,
				701744AD286BA4A0003980BC /* SceneDelegate.swift */,
				701744AF286BA4A0003980BC /* ViewController.swift */,
				701744C8286BAC85003980BC /* Views */,
				701744C7286BABD5003980BC /* Controllers */,
				701744B4286BA4A1003980BC /* Assets.xcassets */,
				701744B9286BA4A1003980BC /* Info.plist */,
			);
			path = chatApp;
			sourceTree = "<group>";
		};
		701744C7286BABD5003980BC /* Controllers */ = {
			isa = PBXGroup;
			children = (
				701744BF286BAB9F003980BC /* WelcomeViewController.swift */,
				701744C1286BABAE003980BC /* RegisterViewController.swift */,
				701744C3286BABBB003980BC /* LoginViewController.swift */,
				701744C5286BABCB003980BC /* ChatViewController.swift */,
			);
			path = Controllers;
			sourceTree = "<group>";
		};
		701744C8286BAC85003980BC /* Views */ = {
			isa = PBXGroup;
			children = (
				701744B1286BA4A0003980BC /* Main.storyboard */,
				701744B6286BA4A1003980BC /* LaunchScreen.storyboard */,
			);
			path = Views;
			sourceTree = "<group>";
		};
		A5057538232E6FFC288A006E /* Pods */ = {
			isa = PBXGroup;
			children = (
				F78386F9019F5EDC3029EAC8 /* Pods-chatApp.debug.xcconfig */,
				BD49F4E691D9975472C0030A /* Pods-chatApp.release.xcconfig */,
			);
			path = Pods;
			sourceTree = "<group>";
		};
/* End PBXGroup section */

/* Begin PBXNativeTarget section */
		701744A7286BA4A0003980BC /* chatApp */ = {
			isa = PBXNativeTarget;
			buildConfigurationList = 701744BC286BA4A1003980BC /* Build configuration list for PBXNativeTarget "chatApp" */;
			buildPhases = (
				F4BB6C14308E7DE02A19D507 /* [CP] Check Pods Manifest.lock */,
				701744A4286BA4A0003980BC /* Sources */,
				701744A5286BA4A0003980BC /* Frameworks */,
				701744A6286BA4A0003980BC /* Resources */,
			);
			buildRules = (
			);
			dependencies = (
			);
			name = chatApp;
			productName = chatApp;
			productReference = 701744A8286BA4A0003980BC /* chatApp.app */;
			productType = "com.apple.product-type.application";
		};
/* End PBXNativeTarget section */

/* Begin PBXProject section */
		701744A0286BA4A0003980BC /* Project object */ = {
			isa = PBXProject;
			attributes = {
				BuildIndependentTargetsInParallel = 1;
				LastSwiftUpdateCheck = 1330;
				LastUpgradeCheck = 1330;
				TargetAttributes = {
					701744A7286BA4A0003980BC = {
						CreatedOnToolsVersion = 13.3.1;
					};
				};
			};
			buildConfigurationList = 701744A3286BA4A0003980BC /* Build configuration list for PBXProject "chatApp" */;
			compatibilityVersion = "Xcode 13.0";
			developmentRegion = en;
			hasScannedForEncodings = 0;
			knownRegions = (
				en,
				Base,
			);
			mainGroup = 7017449F286BA4A0003980BC;
			productRefGroup = 701744A9286BA4A0003980BC /* Products */;
			projectDirPath = "";
			projectRoot = "";
			targets = (
				701744A7286BA4A0003980BC /* chatApp */,
			);
		};
/* End PBXProject section */

/* Begin PBXResourcesBuildPhase section */
		701744A6286BA4A0003980BC /* Resources */ = {
			isa = PBXResourcesBuildPhase;
			buildActionMask = 2147483647;
			files = (
				701744B8286BA4A1003980BC /* LaunchScreen.storyboard in Resources */,
				701744B5286BA4A1003980BC /* Assets.xcassets in Resources */,
				701744B3286BA4A0003980BC /* Main.storyboard in Resources */,
			);
			runOnlyForDeploymentPostprocessing = 0;
		};
/* End PBXResourcesBuildPhase section */

/* Begin PBXShellScriptBuildPhase section */
		F4BB6C14308E7DE02A19D507 /* [CP] Check Pods Manifest.lock */ = {
			isa = PBXShellScriptBuildPhase;
			buildActionMask = 2147483647;
			files = (
			);
			inputFileListPaths = (
			);
			inputPaths = (
				"${PODS_PODFILE_DIR_PATH}/Podfile.lock",
				"${PODS_ROOT}/Manifest.lock",
			);
			name = "[CP] Check Pods Manifest.lock";
			outputFileListPaths = (
			);
			outputPaths = (
				"$(DERIVED_FILE_DIR)/Pods-chatApp-checkManifestLockResult.txt",
			);
			runOnlyForDeploymentPostprocessing = 0;
			shellPath = /bin/sh;
			shellScript = "diff \"${PODS_PODFILE_DIR_PATH}/Podfile.lock\" \"${PODS_ROOT}/Manifest.lock\" > /dev/null\nif [ $? != 0 ] ; then\n    # print error to STDERR\n    echo \"error: The sandbox is not in sync with the Podfile.lock. Run 'pod install' or update your CocoaPods installation.\" >&2\n    exit 1\nfi\n# This output is used by Xcode 'outputs' to avoid re-running this script phase.\necho \"SUCCESS\" > \"${SCRIPT_OUTPUT_FILE_0}\"\n";
			showEnvVarsInLog = 0;
		};
/* End PBXShellScriptBuildPhase section */

/* Begin PBXSourcesBuildPhase section */
		701744A4286BA4A0003980BC /* Sources */ = {
			isa = PBXSourcesBuildPhase;
			buildActionMask = 2147483647;
			files = (
				701744C4286BABBB003980BC /* LoginViewController.swift in Sources */,
				701744B0286BA4A0003980BC /* ViewController.swift in Sources */,
				701744C2286BABAE003980BC /* RegisterViewController.swift in Sources */,
				701744C6286BABCB003980BC /* ChatViewController.swift in Sources */,
				701744C0286BAB9F003980BC /* WelcomeViewController.swift in Sources */,
				701744AC286BA4A0003980BC /* AppDelegate.swift in Sources */,
				701744AE286BA4A0003980BC /* SceneDelegate.swift in Sources */,
			);
			runOnlyForDeploymentPostprocessing = 0;
		};
/* End PBXSourcesBuildPhase section */

/* Begin PBXVariantGroup section */
		701744B1286BA4A0003980BC /* Main.storyboard */ = {
			isa = PBXVariantGroup;
			children = (
				701744B2286BA4A0003980BC /* Base */,
			);
			name = Main.storyboard;
			sourceTree = "<group>";
		};
		701744B6286BA4A1003980BC /* LaunchScreen.storyboard */ = {
			isa = PBXVariantGroup;
			children = (
				701744B7286BA4A1003980BC /* Base */,
			);
			name = LaunchScreen.storyboard;
			sourceTree = "<group>";
		};
/* End PBXVariantGroup section */

/* Begin XCBuildConfiguration section */
		701744BA286BA4A1003980BC /* Debug */ = {
			isa = XCBuildConfiguration;
			buildSettings = {
				ALWAYS_SEARCH_USER_PATHS = NO;
				CLANG_ANALYZER_NONNULL = YES;
				CLANG_ANALYZER_NUMBER_OBJECT_CONVERSION = YES_AGGRESSIVE;
				CLANG_CXX_LANGUAGE_STANDARD = "gnu++17";
				CLANG_ENABLE_MODULES = YES;
				CLANG_ENABLE_OBJC_ARC = YES;
				CLANG_ENABLE_OBJC_WEAK = YES;
				CLANG_WARN_BLOCK_CAPTURE_AUTORELEASING = YES;
				CLANG_WARN_BOOL_CONVERSION = YES;
				CLANG_WARN_COMMA = YES;
				CLANG_WARN_CONSTANT_CONVERSION = YES;
				CLANG_WARN_DEPRECATED_OBJC_IMPLEMENTATIONS = YES;
				CLANG_WARN_DIRECT_OBJC_ISA_USAGE = YES_ERROR;
				CLANG_WARN_DOCUMENTATION_COMMENTS = YES;
				CLANG_WARN_EMPTY_BODY = YES;
				CLANG_WARN_ENUM_CONVERSION = YES;
				CLANG_WARN_INFINITE_RECURSION = YES;
				CLANG_WARN_INT_CONVERSION = YES;
				CLANG_WARN_NON_LITERAL_NULL_CONVERSION = YES;
				CLANG_WARN_OBJC_IMPLICIT_RETAIN_SELF = YES;
				CLANG_WARN_OBJC_LITERAL_CONVERSION = YES;
				CLANG_WARN_OBJC_ROOT_CLASS = YES_ERROR;
				CLANG_WARN_QUOTED_INCLUDE_IN_FRAMEWORK_HEADER = YES;
				CLANG_WARN_RANGE_LOOP_ANALYSIS = YES;
				CLANG_WARN_STRICT_PROTOTYPES = YES;
				CLANG_WARN_SUSPICIOUS_MOVE = YES;
				CLANG_WARN_UNGUARDED_AVAILABILITY = YES_AGGRESSIVE;
				CLANG_WARN_UNREACHABLE_CODE = YES;
				CLANG_WARN__DUPLICATE_METHOD_MATCH = YES;
				COPY_PHASE_STRIP = NO;
				DEBUG_INFORMATION_FORMAT = dwarf;
				ENABLE_STRICT_OBJC_MSGSEND = YES;
				ENABLE_TESTABILITY = YES;
				GCC_C_LANGUAGE_STANDARD = gnu11;
				GCC_DYNAMIC_NO_PIC = NO;
				GCC_NO_COMMON_BLOCKS = YES;
				GCC_OPTIMIZATION_LEVEL = 0;
				GCC_PREPROCESSOR_DEFINITIONS = (
					"DEBUG=1",
					"$(inherited)",
				);
				GCC_WARN_64_TO_32_BIT_CONVERSION = YES;
				GCC_WARN_ABOUT_RETURN_TYPE = YES_ERROR;
				GCC_WARN_UNDECLARED_SELECTOR = YES;
				GCC_WARN_UNINITIALIZED_AUTOS = YES_AGGRESSIVE;
				GCC_WARN_UNUSED_FUNCTION = YES;
				GCC_WARN_UNUSED_VARIABLE = YES;
				IPHONEOS_DEPLOYMENT_TARGET = 15.4;
				MTL_ENABLE_DEBUG_INFO = INCLUDE_SOURCE;
				MTL_FAST_MATH = YES;
				ONLY_ACTIVE_ARCH = YES;
				SDKROOT = iphoneos;
				SWIFT_ACTIVE_COMPILATION_CONDITIONS = DEBUG;
				SWIFT_OPTIMIZATION_LEVEL = "-Onone";
			};
			name = Debug;
		};
		701744BB286BA4A1003980BC /* Release */ = {
			isa = XCBuildConfiguration;
			buildSettings = {
				ALWAYS_SEARCH_USER_PATHS = NO;
				CLANG_ANALYZER_NONNULL = YES;
				CLANG_ANALYZER_NUMBER_OBJECT_CONVERSION = YES_AGGRESSIVE;
				CLANG_CXX_LANGUAGE_STANDARD = "gnu++17";
				CLANG_ENABLE_MODULES = YES;
				CLANG_ENABLE_OBJC_ARC = YES;
				CLANG_ENABLE_OBJC_WEAK = YES;
				CLANG_WARN_BLOCK_CAPTURE_AUTORELEASING = YES;
				CLANG_WARN_BOOL_CONVERSION = YES;
				CLANG_WARN_COMMA = YES;
				CLANG_WARN_CONSTANT_CONVERSION = YES;
				CLANG_WARN_DEPRECATED_OBJC_IMPLEMENTATIONS = YES;
				CLANG_WARN_DIRECT_OBJC_ISA_USAGE = YES_ERROR;
				CLANG_WARN_DOCUMENTATION_COMMENTS = YES;
				CLANG_WARN_EMPTY_BODY = YES;
				CLANG_WARN_ENUM_CONVERSION = YES;
				CLANG_WARN_INFINITE_RECURSION = YES;
				CLANG_WARN_INT_CONVERSION = YES;
				CLANG_WARN_NON_LITERAL_NULL_CONVERSION = YES;
				CLANG_WARN_OBJC_IMPLICIT_RETAIN_SELF = YES;
				CLANG_WARN_OBJC_LITERAL_CONVERSION = YES;
				CLANG_WARN_OBJC_ROOT_CLASS = YES_ERROR;
				CLANG_WARN_QUOTED_INCLUDE_IN_FRAMEWORK_HEADER = YES;
				CLANG_WARN_RANGE_LOOP_ANALYSIS = YES;
				CLANG_WARN_STRICT_PROTOTYPES = YES;
				CLANG_WARN_SUSPICIOUS_MOVE = YES;
				CLANG_WARN_UNGUARDED_AVAILABILITY = YES_AGGRESSIVE;
				CLANG_WARN_UNREACHABLE_CODE = YES;
				CLANG_WARN__DUPLICATE_METHOD_MATCH = YES;
				COPY_PHASE_STRIP = NO;
				DEBUG_INFORMATION_FORMAT = "dwarf-with-dsym";
				ENABLE_NS_ASSERTIONS = NO;
				ENABLE_STRICT_OBJC_MSGSEND = YES;
				GCC_C_LANGUAGE_STANDARD = gnu11;
				GCC_NO_COMMON_BLOCKS = YES;
				GCC_WARN_64_TO_32_BIT_CONVERSION = YES;
				GCC_WARN_ABOUT_RETURN_TYPE = YES_ERROR;
				GCC_WARN_UNDECLARED_SELECTOR = YES;
				GCC_WARN_UNINITIALIZED_AUTOS = YES_AGGRESSIVE;
				GCC_WARN_UNUSED_FUNCTION = YES;
				GCC_WARN_UNUSED_VARIABLE = YES;
				IPHONEOS_DEPLOYMENT_TARGET = 15.4;
				MTL_ENABLE_DEBUG_INFO = NO;
				MTL_FAST_MATH = YES;
				SDKROOT = iphoneos;
				SWIFT_COMPILATION_MODE = wholemodule;
				SWIFT_OPTIMIZATION_LEVEL = "-O";
				VALIDATE_PRODUCT = YES;
			};
			name = Release;
		};
		701744BD286BA4A1003980BC /* Debug */ = {
			isa = XCBuildConfiguration;
			baseConfigurationReference = F78386F9019F5EDC3029EAC8 /* Pods-chatApp.debug.xcconfig */;
			buildSettings = {
				ASSETCATALOG_COMPILER_APPICON_NAME = AppIcon;
				ASSETCATALOG_COMPILER_GLOBAL_ACCENT_COLOR_NAME = AccentColor;
				CODE_SIGN_STYLE = Automatic;
				CURRENT_PROJECT_VERSION = 1;
				DEVELOPMENT_TEAM = BUV339KR3C;
				GENERATE_INFOPLIST_FILE = YES;
				INFOPLIST_FILE = chatApp/Info.plist;
				INFOPLIST_KEY_UIApplicationSupportsIndirectInputEvents = YES;
				INFOPLIST_KEY_UILaunchStoryboardName = LaunchScreen;
				INFOPLIST_KEY_UIMainStoryboardFile = Main;
				INFOPLIST_KEY_UISupportedInterfaceOrientations_iPad = "UIInterfaceOrientationPortrait UIInterfaceOrientationPortraitUpsideDown UIInterfaceOrientationLandscapeLeft UIInterfaceOrientationLandscapeRight";
				INFOPLIST_KEY_UISupportedInterfaceOrientations_iPhone = "UIInterfaceOrientationPortrait UIInterfaceOrientationLandscapeLeft UIInterfaceOrientationLandscapeRight";
				LD_RUNPATH_SEARCH_PATHS = (
					"$(inherited)",
					"@executable_path/Frameworks",
				);
				MARKETING_VERSION = 1.0;
				PRODUCT_BUNDLE_IDENTIFIER = com.marvel.chatApp;
				PRODUCT_NAME = "$(TARGET_NAME)";
				SWIFT_EMIT_LOC_STRINGS = YES;
				SWIFT_VERSION = 5.0;
				TARGETED_DEVICE_FAMILY = "1,2";
			};
			name = Debug;
		};
		701744BE286BA4A1003980BC /* Release */ = {
			isa = XCBuildConfiguration;
			baseConfigurationReference = BD49F4E691D9975472C0030A /* Pods-chatApp.release.xcconfig */;
			buildSettings = {
				ASSETCATALOG_COMPILER_APPICON_NAME = AppIcon;
				ASSETCATALOG_COMPILER_GLOBAL_ACCENT_COLOR_NAME = AccentColor;
				CODE_SIGN_STYLE = Automatic;
				CURRENT_PROJECT_VERSION = 1;
				DEVELOPMENT_TEAM = BUV339KR3C;
				GENERATE_INFOPLIST_FILE = YES;
				INFOPLIST_FILE = chatApp/Info.plist;
				INFOPLIST_KEY_UIApplicationSupportsIndirectInputEvents = YES;
				INFOPLIST_KEY_UILaunchStoryboardName = LaunchScreen;
				INFOPLIST_KEY_UIMainStoryboardFile = Main;
				INFOPLIST_KEY_UISupportedInterfaceOrientations_iPad = "UIInterfaceOrientationPortrait UIInterfaceOrientationPortraitUpsideDown UIInterfaceOrientationLandscapeLeft UIInterfaceOrientationLandscapeRight";
				INFOPLIST_KEY_UISupportedInterfaceOrientations_iPhone = "UIInterfaceOrientationPortrait UIInterfaceOrientationLandscapeLeft UIInterfaceOrientationLandscapeRight";
				LD_RUNPATH_SEARCH_PATHS = (
					"$(inherited)",
					"@executable_path/Frameworks",
				);
				MARKETING_VERSION = 1.0;
				PRODUCT_BUNDLE_IDENTIFIER = com.marvel.chatApp;
				PRODUCT_NAME = "$(TARGET_NAME)";
				SWIFT_EMIT_LOC_STRINGS = YES;
				SWIFT_VERSION = 5.0;
				TARGETED_DEVICE_FAMILY = "1,2";
			};
			name = Release;
		};
/* End XCBuildConfiguration section */

/* Begin XCConfigurationList section */
		701744A3286BA4A0003980BC /* Build configuration list for PBXProject "chatApp" */ = {
			isa = XCConfigurationList;
			buildConfigurations = (
				701744BA286BA4A1003980BC /* Debug */,
				701744BB286BA4A1003980BC /* Release */,
			);
			defaultConfigurationIsVisible = 0;
			defaultConfigurationName = Release;
		};
		701744BC286BA4A1003980BC /* Build configuration list for PBXNativeTarget "chatApp" */ = {
			isa = XCConfigurationList;
			buildConfigurations = (
				701744BD286BA4A1003980BC /* Debug */,
				701744BE286BA4A1003980BC /* Release */,
			);
			defaultConfigurationIsVisible = 0;
			defaultConfigurationName = Release;
		};
/* End XCConfigurationList section */
	};
	rootObject = 701744A0286BA4A0003980BC /* Project object */;
}
